
Microsoft Visual Studio Solution File, Format Version 12.00
# Visual Studio Version 17
VisualStudioVersion = 17.7.34031.279
MinimumVisualStudioVersion = 10.0.40219.1
Project("{9A19103F-16F7-4668-BE54-9A1E7A4F7556}") = "IDS.Client", "IDS.Client\IDS.Client.csproj", "{BDC02A7F-3B3E-4404-9181-E4437A9186A4}"
EndProject
Project("{9A19103F-16F7-4668-BE54-9A1E7A4F7556}") = "IDS.Client.Test", "IDS.Client.Test\IDS.Client.Test.csproj", "{F11370EB-9447-4B6D-862E-2E0F9918F834}"
EndProject
Global
	GlobalSection(SolutionConfigurationPlatforms) = preSolution
		Debug|Any CPU = Debug|Any CPU
		Release|Any CPU = Release|Any CPU
	EndGlobalSection
	GlobalSection(ProjectConfigurationPlatforms) = postSolution
		{BDC02A7F-3B3E-4404-9181-E4437A9186A4}.Debug|Any CPU.ActiveCfg = Debug|Any CPU
		{BDC02A7F-3B3E-4404-9181-E4437A9186A4}.Debug|Any CPU.Build.0 = Debug|Any CPU
		{BDC02A7F-3B3E-4404-9181-E4437A9186A4}.Release|Any CPU.ActiveCfg = Release|Any CPU
		{BDC02A7F-3B3E-4404-9181-E4437A9186A4}.Release|Any CPU.Build.0 = Release|Any CPU
		{F11370EB-9447-4B6D-862E-2E0F9918F834}.Debug|Any CPU.ActiveCfg = Debug|Any CPU
		{F11370EB-9447-4B6D-862E-2E0F9918F834}.Debug|Any CPU.Build.0 = Debug|Any CPU
		{F11370EB-9447-4B6D-862E-2E0F9918F834}.Release|Any CPU.ActiveCfg = Release|Any CPU
		{F11370EB-9447-4B6D-862E-2E0F9918F834}.Release|Any CPU.Build.0 = Release|Any CPU
	EndGlobalSection
	GlobalSection(SolutionProperties) = preSolution
		HideSolutionNode = FALSE
	EndGlobalSection
	GlobalSection(ExtensibilityGlobals) = postSolution
		SolutionGuid = {C6416EE3-78FB-4807-8B66-2A70DCE73DBC}
	EndGlobalSection
EndGlobal
